{
  "name": "cool-bookmarklets",
  "version": "1.0.0",
  "lockfileVersion": 2,
  "requires": true,
  "packages": {
    "": {
      "name": "cool-bookmarklets",
      "version": "1.0.0",
      "license": "GPL-3.0",
      "dependencies": {
        "jquery": "^3.7.1"
      },
      "devDependencies": {
        "netscape-bookmarks": "^0.1.0"
      }
    },
    "node_modules/jquery": {
      "version": "3.7.1",
      "resolved": "https://registry.npmjs.org/jquery/-/jquery-3.7.1.tgz",
      "integrity": "sha512-m4avr8yL8kmFN8psrbFFFmB/If14iN5o9nw/NgnnM+kybDJpRsAynV2BsfpTYrTRysYUdADVD7CkUUizgkpLfg==",
      "license": "MIT"
    },
    "node_modules/netscape-bookmarks": {
      "version": "0.1.1",
      "resolved": "https://registry.npmjs.org/netscape-bookmarks/-/netscape-bookmarks-0.1.1.tgz",
      "integrity": "sha512-fdo4cIDj0hdBouOMiedtTh/SlQ12kiDS2T5Z6Vg9qxSX7VMN1en62vROC6l2MkGzZJhp0qXqaJwDSvNXBEH/fA==",
      "dev": true,
      "engines": {
        "node": "*"
      }
    }
  },
  "dependencies": {
    "jquery": {
      "version": "3.7.1",
      "resolved": "https://registry.npmjs.org/jquery/-/jquery-3.7.1.tgz",
      "integrity": "sha512-m4avr8yL8kmFN8psrbFFFmB/If14iN5o9nw/NgnnM+kybDJpRsAynV2BsfpTYrTRysYUdADVD7CkUUizgkpLfg=="
    },
    "netscape-bookmarks": {
      "version": "0.1.1",
      "resolved": "https://registry.npmjs.org/netscape-bookmarks/-/netscape-bookmarks-0.1.1.tgz",
      "integrity": "sha512-fdo4cIDj0hdBouOMiedtTh/SlQ12kiDS2T5Z6Vg9qxSX7VMN1en62vROC6l2MkGzZJhp0qXqaJwDSvNXBEH/fA==",
      "dev": true
    }
  }
}
